
Microsoft Visual Studio Solution File, Format Version 12.00
# Visual Studio Version 17
VisualStudioVersion = 17.5.002.0
MinimumVisualStudioVersion = 10.0.40219.1
Project("{9A19103F-16F7-4668-BE54-9A1E7A4F7556}") = "DesafioPOO", "DesafioPOO.csproj", "{C923F969-B392-47FB-8ACD-6D90AE247A16}"
EndProject
Global
	GlobalSection(SolutionConfigurationPlatforms) = preSolution
		Debug|Any CPU = Debug|Any CPU
		Release|Any CPU = Release|Any CPU
	EndGlobalSection
	GlobalSection(ProjectConfigurationPlatforms) = postSolution
		{C923F969-B392-47FB-8ACD-6D90AE247A16}.Debug|Any CPU.ActiveCfg = Debug|Any CPU
		{C923F969-B392-47FB-8ACD-6D90AE247A16}.Debug|Any CPU.Build.0 = Debug|Any CPU
		{C923F969-B392-47FB-8ACD-6D90AE247A16}.Release|Any CPU.ActiveCfg = Release|Any CPU
		{C923F969-B392-47FB-8ACD-6D90AE247A16}.Release|Any CPU.Build.0 = Release|Any CPU
	EndGlobalSection
	GlobalSection(SolutionProperties) = preSolution
		HideSolutionNode = FALSE
	EndGlobalSection
	GlobalSection(ExtensibilityGlobals) = postSolution
		SolutionGuid = {17B4D2AB-9DA1-4E0E-83CB-99FDB08B2BB0}
	EndGlobalSection
EndGlobal
